
Microsoft Visual Studio Solution File, Format Version 12.00
# Visual Studio Version 17
VisualStudioVersion = 17.0.31903.59
MinimumVisualStudioVersion = 10.0.40219.1
Project("{FAE04EC0-301F-11D3-BF4B-00C04F79EFBC}") = "Sender", "Sender\Sender.csproj", "{1DE71D69-6060-465B-B6BC-A22D30564B40}"
EndProject
Project("{FAE04EC0-301F-11D3-BF4B-00C04F79EFBC}") = "Receiver", "Receiver\Receiver.csproj", "{8126C0A5-F1B9-405B-B9EE-D55CD25F0C5E}"
EndProject
Global
	GlobalSection(SolutionConfigurationPlatforms) = preSolution
		Debug|Any CPU = Debug|Any CPU
		Release|Any CPU = Release|Any CPU
	EndGlobalSection
	GlobalSection(SolutionProperties) = preSolution
		HideSolutionNode = FALSE
	EndGlobalSection
	GlobalSection(ProjectConfigurationPlatforms) = postSolution
		{1DE71D69-6060-465B-B6BC-A22D30564B40}.Debug|Any CPU.ActiveCfg = Debug|Any CPU
		{1DE71D69-6060-465B-B6BC-A22D30564B40}.Debug|Any CPU.Build.0 = Debug|Any CPU
		{1DE71D69-6060-465B-B6BC-A22D30564B40}.Release|Any CPU.ActiveCfg = Release|Any CPU
		{1DE71D69-6060-465B-B6BC-A22D30564B40}.Release|Any CPU.Build.0 = Release|Any CPU
		{8126C0A5-F1B9-405B-B9EE-D55CD25F0C5E}.Debug|Any CPU.ActiveCfg = Debug|Any CPU
		{8126C0A5-F1B9-405B-B9EE-D55CD25F0C5E}.Debug|Any CPU.Build.0 = Debug|Any CPU
		{8126C0A5-F1B9-405B-B9EE-D55CD25F0C5E}.Release|Any CPU.ActiveCfg = Release|Any CPU
		{8126C0A5-F1B9-405B-B9EE-D55CD25F0C5E}.Release|Any CPU.Build.0 = Release|Any CPU
	EndGlobalSection
EndGlobal
